// !$*UTF8*$!
{
	archiveVersion = 1;
	classes = {
	};
	objectVersion = 46;
	objects = {

/* Begin PBXBuildFile section */
		200055A419A43945008377FF /* Foundation.framework in Frameworks */ = {isa = PBXBuildFile; fileRef = 200055A319A43945008377FF /* Foundation.framework */; };
		200055A619A43945008377FF /* CoreGraphics.framework in Frameworks */ = {isa = PBXBuildFile; fileRef = 200055A519A43945008377FF /* CoreGraphics.framework */; };
		200055A819A43945008377FF /* UIKit.framework in Frameworks */ = {isa = PBXBuildFile; fileRef = 200055A719A43945008377FF /* UIKit.framework */; };
		200055AE19A43946008377FF /* InfoPlist.strings in Resources */ = {isa = PBXBuildFile; fileRef = 200055AC19A43946008377FF /* InfoPlist.strings */; };
		200055B019A43946008377FF /* main.m in Sources */ = {isa = PBXBuildFile; fileRef = 200055AF19A43946008377FF /* main.m */; };
		200055B419A43946008377FF /* PUAppDelegate.m in Sources */ = {isa = PBXBuildFile; fileRef = 200055B319A43946008377FF /* PUAppDelegate.m */; };
		200055B719A43946008377FF /* Main.storyboard in Resources */ = {isa = PBXBuildFile; fileRef = 200055B519A43946008377FF /* Main.storyboard */; };
		200055BA19A43946008377FF /* PULoginViewController.m in Sources */ = {isa = PBXBuildFile; fileRef = 200055B919A43946008377FF /* PULoginViewController.m */; };
		200055BC19A43946008377FF /* Images.xcassets in Resources */ = {isa = PBXBuildFile; fileRef = 200055BB19A43946008377FF /* Images.xcassets */; };
		200055C319A43946008377FF /* XCTest.framework in Frameworks */ = {isa = PBXBuildFile; fileRef = 200055C219A43946008377FF /* XCTest.framework */; };
		200055C419A43946008377FF /* Foundation.framework in Frameworks */ = {isa = PBXBuildFile; fileRef = 200055A319A43945008377FF /* Foundation.framework */; };
		200055C519A43946008377FF /* UIKit.framework in Frameworks */ = {isa = PBXBuildFile; fileRef = 200055A719A43945008377FF /* UIKit.framework */; };
		200055CD19A43946008377FF /* InfoPlist.strings in Resources */ = {isa = PBXBuildFile; fileRef = 200055CB19A43946008377FF /* InfoPlist.strings */; };
		200055CF19A43946008377FF /* partyUpTests.m in Sources */ = {isa = PBXBuildFile; fileRef = 200055CE19A43946008377FF /* partyUpTests.m */; };
		200055DD19A43FF0008377FF /* Accounts.framework in Frameworks */ = {isa = PBXBuildFile; fileRef = 200055DC19A43FF0008377FF /* Accounts.framework */; };
		200055DF19A43FF8008377FF /* AudioToolbox.framework in Frameworks */ = {isa = PBXBuildFile; fileRef = 200055DE19A43FF8008377FF /* AudioToolbox.framework */; };
		200055E119A44001008377FF /* CFNetwork.framework in Frameworks */ = {isa = PBXBuildFile; fileRef = 200055E019A44001008377FF /* CFNetwork.framework */; };
		200055E519A44025008377FF /* libz.dylib in Frameworks */ = {isa = PBXBuildFile; fileRef = 200055E419A44025008377FF /* libz.dylib */; };
		200055E719A4402E008377FF /* MobileCoreServices.framework in Frameworks */ = {isa = PBXBuildFile; fileRef = 200055E619A4402E008377FF /* MobileCoreServices.framework */; };
		200055E919A44038008377FF /* QuartzCore.framework in Frameworks */ = {isa = PBXBuildFile; fileRef = 200055E819A44038008377FF /* QuartzCore.framework */; };
		200055EB19A44041008377FF /* Security.framework in Frameworks */ = {isa = PBXBuildFile; fileRef = 200055EA19A44041008377FF /* Security.framework */; };
		200055ED19A4404A008377FF /* Social.framework in Frameworks */ = {isa = PBXBuildFile; fileRef = 200055EC19A4404A008377FF /* Social.framework */; };
		200055F119A4405E008377FF /* SystemConfiguration.framework in Frameworks */ = {isa = PBXBuildFile; fileRef = 200055F019A4405E008377FF /* SystemConfiguration.framework */; };
		200055F719A4497D008377FF /* PUPartiesViewController.m in Sources */ = {isa = PBXBuildFile; fileRef = 200055F619A4497D008377FF /* PUPartiesViewController.m */; };
		201E887119A56160008C5532 /* PUProfileViewController.m in Sources */ = {isa = PBXBuildFile; fileRef = 201E887019A56160008C5532 /* PUProfileViewController.m */; };
		20258BD719BE8DCA00FC5A5D /* PUPlacesService.m in Sources */ = {isa = PBXBuildFile; fileRef = 20258BD619BE8DCA00FC5A5D /* PUPlacesService.m */; };
		202845B119FD3426004D80EE /* PUPartyMoreInfoViewController.m in Sources */ = {isa = PBXBuildFile; fileRef = 202845B019FD3426004D80EE /* PUPartyMoreInfoViewController.m */; };
		202845B419FD45FD004D80EE /* NSString+Validators.m in Sources */ = {isa = PBXBuildFile; fileRef = 202845B319FD45FD004D80EE /* NSString+Validators.m */; };
		20497C1719A839FC00CB942F /* PUBuddiesListViewController.m in Sources */ = {isa = PBXBuildFile; fileRef = 20497C1619A839FC00CB942F /* PUBuddiesListViewController.m */; };
		20497C1A19A8474A00CB942F /* PUBuddyTableViewCell.m in Sources */ = {isa = PBXBuildFile; fileRef = 20497C1919A8474A00CB942F /* PUBuddyTableViewCell.m */; };
		20497C1F19A84DEB00CB942F /* UIView+roundMask.m in Sources */ = {isa = PBXBuildFile; fileRef = 20497C1E19A84DEB00CB942F /* UIView+roundMask.m */; };
		20497C2B19A8531300CB942F /* PUPartyViewController.m in Sources */ = {isa = PBXBuildFile; fileRef = 20497C2A19A8531300CB942F /* PUPartyViewController.m */; };
		20497C2F19A86C1800CB942F /* PUPartyService.m in Sources */ = {isa = PBXBuildFile; fileRef = 20497C2E19A86C1800CB942F /* PUPartyService.m */; };
		2051C52219FC2B3300C66ED3 /* PUCustomApperance.m in Sources */ = {isa = PBXBuildFile; fileRef = 2051C52119FC2B3300C66ED3 /* PUCustomApperance.m */; };
		209D78FC19A5A3B300FF0FF2 /* ImageIO.framework in Frameworks */ = {isa = PBXBuildFile; fileRef = 209D78FB19A5A3B300FF0FF2 /* ImageIO.framework */; };
		209D790019A5A3E700FF0FF2 /* PUPartyCell.m in Sources */ = {isa = PBXBuildFile; fileRef = 209D78FF19A5A3E700FF0FF2 /* PUPartyCell.m */; };
		209EA9BA19C29C600015D09E /* CoreLocation.framework in Frameworks */ = {isa = PBXBuildFile; fileRef = 200055E219A44017008377FF /* CoreLocation.framework */; };
		20D960E719AFFB2000A893CF /* PUParty.m in Sources */ = {isa = PBXBuildFile; fileRef = 20D960E619AFFB2000A893CF /* PUParty.m */; };
		20D960EB19AFFB5F00A893CF /* PUPlace.m in Sources */ = {isa = PBXBuildFile; fileRef = 20D960EA19AFFB5F00A893CF /* PUPlace.m */; };
		20EBA8B719FC2FC700612C85 /* PUCustomTabController.m in Sources */ = {isa = PBXBuildFile; fileRef = 20EBA8B619FC2FC700612C85 /* PUCustomTabController.m */; };
		20F2740919ABF44200BDBE5E /* NSCalendar+Convenience.m in Sources */ = {isa = PBXBuildFile; fileRef = 20F2740819ABF44200BDBE5E /* NSCalendar+Convenience.m */; };
		20F37F1E19ECC6F30080367B /* PULoginBackgroundCollectionViewCell.m in Sources */ = {isa = PBXBuildFile; fileRef = 20F37F1D19ECC6F30080367B /* PULoginBackgroundCollectionViewCell.m */; };
		20F37F2019ECD0D20080367B /* LaunchScreen.xib in Resources */ = {isa = PBXBuildFile; fileRef = 20F37F1F19ECD0D20080367B /* LaunchScreen.xib */; };
		20F9389919C903440069EE26 /* PUHeaderCell.m in Sources */ = {isa = PBXBuildFile; fileRef = 20F9389819C903440069EE26 /* PUHeaderCell.m */; };
		20F9389C19C92D8A0069EE26 /* PUSearchSuggestionsService.m in Sources */ = {isa = PBXBuildFile; fileRef = 20F9389B19C92D8A0069EE26 /* PUSearchSuggestionsService.m */; };
		20F9389F19C92E590069EE26 /* PUSearchSuggestion.m in Sources */ = {isa = PBXBuildFile; fileRef = 20F9389E19C92E590069EE26 /* PUSearchSuggestion.m */; };
		3E10FBCB1A31F3C20045A3D1 /* PUSearchCell.m in Sources */ = {isa = PBXBuildFile; fileRef = 3E10FBCA1A31F3C20045A3D1 /* PUSearchCell.m */; };
		3E737C341A338CE20054B222 /* PUPartiesAndPlacesHelper.m in Sources */ = {isa = PBXBuildFile; fileRef = 3E737C331A338CE10054B222 /* PUPartiesAndPlacesHelper.m */; };
		3E7AC3D91A34A9E000ABEE55 /* UIScrollView+PUReloadAnimations.m in Sources */ = {isa = PBXBuildFile; fileRef = 3E7AC3D81A34A9E000ABEE55 /* UIScrollView+PUReloadAnimations.m */; };
		3E7AC3DC1A34B6A500ABEE55 /* PUErrorFeedbackCell.m in Sources */ = {isa = PBXBuildFile; fileRef = 3E7AC3DB1A34B6A500ABEE55 /* PUErrorFeedbackCell.m */; };
		3E845DDA1AA367D10000FEAA /* PUCurrencyUtil.m in Sources */ = {isa = PBXBuildFile; fileRef = 3E845DD91AA367D10000FEAA /* PUCurrencyUtil.m */; };
		3E8D1BFE1A9ED4440097D362 /* PUPushNotificationManager.m in Sources */ = {isa = PBXBuildFile; fileRef = 3E8D1BFD1A9ED4440097D362 /* PUPushNotificationManager.m */; };
		3E8D1C021A9EE25C0097D362 /* GAService.m in Sources */ = {isa = PBXBuildFile; fileRef = 3E8D1C011A9EE25C0097D362 /* GAService.m */; };
		3E8D1C071A9EE3BF0097D362 /* EmptyAnalyticsTracker.m in Sources */ = {isa = PBXBuildFile; fileRef = 3E8D1C041A9EE3BF0097D362 /* EmptyAnalyticsTracker.m */; };
		3E8D1C081A9EE3BF0097D362 /* AnalyticsTriggerManager.m in Sources */ = {isa = PBXBuildFile; fileRef = 3E8D1C061A9EE3BF0097D362 /* AnalyticsTriggerManager.m */; };
		3E8DE4E41A2F5696007EC179 /* PUAlertUtil.m in Sources */ = {isa = PBXBuildFile; fileRef = 3E8DE4E31A2F5696007EC179 /* PUAlertUtil.m */; };
		3EB5EA0D1A29FBB100C18AED /* PUBestBuddyTableViewCell.m in Sources */ = {isa = PBXBuildFile; fileRef = 3EB5EA0C1A29FBB100C18AED /* PUBestBuddyTableViewCell.m */; };
		3EB5EA101A2A0B3F00C18AED /* PUHeaderTableViewCell.m in Sources */ = {isa = PBXBuildFile; fileRef = 3EB5EA0F1A2A0B3F00C18AED /* PUHeaderTableViewCell.m */; };
		3EB5EA131A2A3DAC00C18AED /* PUSocialService.m in Sources */ = {isa = PBXBuildFile; fileRef = 3EB5EA121A2A3DAC00C18AED /* PUSocialService.m */; };
		3EB5EA161A2A3E3D00C18AED /* PUUser.m in Sources */ = {isa = PBXBuildFile; fileRef = 3EB5EA151A2A3E3D00C18AED /* PUUser.m */; };
		3EB5EA191A2A491D00C18AED /* PUBuddiesStorage.m in Sources */ = {isa = PBXBuildFile; fileRef = 3EB5EA181A2A491D00C18AED /* PUBuddiesStorage.m */; };
		3EB5EA1B1A2A696900C18AED /* MapKit.framework in Frameworks */ = {isa = PBXBuildFile; fileRef = 3EB5EA1A1A2A696900C18AED /* MapKit.framework */; };
		3EB5EA1E1A2A7BC100C18AED /* PUSendMailHelper.m in Sources */ = {isa = PBXBuildFile; fileRef = 3EB5EA1D1A2A7BC100C18AED /* PUSendMailHelper.m */; };
		3EB5EA261A2A8AD800C18AED /* UIAsyncButton.m in Sources */ = {isa = PBXBuildFile; fileRef = 3EB5EA251A2A8AD800C18AED /* UIAsyncButton.m */; };
		3EB8C57E1A30ADF40063E70C /* PUInviteBuddyToListCell.m in Sources */ = {isa = PBXBuildFile; fileRef = 3EB8C57D1A30ADF40063E70C /* PUInviteBuddyToListCell.m */; };
		3EFEF1BC1A30E8030054CFE5 /* PUPlaceCell.m in Sources */ = {isa = PBXBuildFile; fileRef = 3EFEF1BB1A30E8030054CFE5 /* PUPlaceCell.m */; };
		74F62BFF1AA0080900B88394 /* PUImagePartyCell.m in Sources */ = {isa = PBXBuildFile; fileRef = 74F62BFE1AA0080900B88394 /* PUImagePartyCell.m */; };
		74F62C021AA0083900B88394 /* PUAddressPartyCell.m in Sources */ = {isa = PBXBuildFile; fileRef = 74F62C011AA0083900B88394 /* PUAddressPartyCell.m */; };
		74F62C091AA0089100B88394 /* PUDetailPartyCell.m in Sources */ = {isa = PBXBuildFile; fileRef = 74F62C081AA0089100B88394 /* PUDetailPartyCell.m */; };
		74F62C0C1AA00EE800B88394 /* PUControllPartyCell.m in Sources */ = {isa = PBXBuildFile; fileRef = 74F62C0B1AA00EE800B88394 /* PUControllPartyCell.m */; };
		B63746A85D87482DB775A280 /* libPods-partyUp.a in Frameworks */ = {isa = PBXBuildFile; fileRef = B09A68A00BEE43AAAD723D57 /* libPods-partyUp.a */; };
/* End PBXBuildFile section */

/* Begin PBXContainerItemProxy section */
		200055C619A43946008377FF /* PBXContainerItemProxy */ = {
			isa = PBXContainerItemProxy;
			containerPortal = 2000559819A43945008377FF /* Project object */;
			proxyType = 1;
			remoteGlobalIDString = 2000559F19A43945008377FF;
			remoteInfo = partyUp;
		};
/* End PBXContainerItemProxy section */

/* Begin PBXFileReference section */
		0EDB05370A311BD6C75EF9A3 /* Pods-partyUp.debug.xcconfig */ = {isa = PBXFileReference; includeInIndex = 1; lastKnownFileType = text.xcconfig; name = "Pods-partyUp.debug.xcconfig"; path = "Pods/Target Support Files/Pods-partyUp/Pods-partyUp.debug.xcconfig"; sourceTree = "<group>"; };
		200055A019A43945008377FF /* partyUp.app */ = {isa = PBXFileReference; explicitFileType = wrapper.application; includeInIndex = 0; path = partyUp.app; sourceTree = BUILT_PRODUCTS_DIR; };
		200055A319A43945008377FF /* Foundation.framework */ = {isa = PBXFileReference; lastKnownFileType = wrapper.framework; name = Foundation.framework; path = System/Library/Frameworks/Foundation.framework; sourceTree = SDKROOT; };
		200055A519A43945008377FF /* CoreGraphics.framework */ = {isa = PBXFileReference; lastKnownFileType = wrapper.framework; name = CoreGraphics.framework; path = System/Library/Frameworks/CoreGraphics.framework; sourceTree = SDKROOT; };
		200055A719A43945008377FF /* UIKit.framework */ = {isa = PBXFileReference; lastKnownFileType = wrapper.framework; name = UIKit.framework; path = System/Library/Frameworks/UIKit.framework; sourceTree = SDKROOT; };
		200055AB19A43946008377FF /* partyUp-Info.plist */ = {isa = PBXFileReference; lastKnownFileType = text.plist.xml; path = "partyUp-Info.plist"; sourceTree = "<group>"; };
		200055AD19A43946008377FF /* en */ = {isa = PBXFileReference; lastKnownFileType = text.plist.strings; name = en; path = en.lproj/InfoPlist.strings; sourceTree = "<group>"; };
		200055AF19A43946008377FF /* main.m */ = {isa = PBXFileReference; lastKnownFileType = sourcecode.c.objc; path = main.m; sourceTree = "<group>"; };
		200055B119A43946008377FF /* partyUp-Prefix.pch */ = {isa = PBXFileReference; lastKnownFileType = sourcecode.c.h; path = "partyUp-Prefix.pch"; sourceTree = "<group>"; };
		200055B219A43946008377FF /* PUAppDelegate.h */ = {isa = PBXFileReference; lastKnownFileType = sourcecode.c.h; path = PUAppDelegate.h; sourceTree = "<group>"; };
		200055B319A43946008377FF /* PUAppDelegate.m */ = {isa = PBXFileReference; lastKnownFileType = sourcecode.c.objc; path = PUAppDelegate.m; sourceTree = "<group>"; };
		200055B619A43946008377FF /* Base */ = {isa = PBXFileReference; lastKnownFileType = file.storyboard; name = Base; path = Base.lproj/Main.storyboard; sourceTree = "<group>"; };
		200055B819A43946008377FF /* PULoginViewController.h */ = {isa = PBXFileReference; lastKnownFileType = sourcecode.c.h; path = PULoginViewController.h; sourceTree = "<group>"; };
		200055B919A43946008377FF /* PULoginViewController.m */ = {isa = PBXFileReference; lastKnownFileType = sourcecode.c.objc; path = PULoginViewController.m; sourceTree = "<group>"; };
		200055BB19A43946008377FF /* Images.xcassets */ = {isa = PBXFileReference; lastKnownFileType = folder.assetcatalog; path = Images.xcassets; sourceTree = "<group>"; };
		200055C119A43946008377FF /* partyUpTests.xctest */ = {isa = PBXFileReference; explicitFileType = wrapper.cfbundle; includeInIndex = 0; path = partyUpTests.xctest; sourceTree = BUILT_PRODUCTS_DIR; };
		200055C219A43946008377FF /* XCTest.framework */ = {isa = PBXFileReference; lastKnownFileType = wrapper.framework; name = XCTest.framework; path = Library/Frameworks/XCTest.framework; sourceTree = DEVELOPER_DIR; };
		200055CA19A43946008377FF /* partyUpTests-Info.plist */ = {isa = PBXFileReference; lastKnownFileType = text.plist.xml; path = "partyUpTests-Info.plist"; sourceTree = "<group>"; };
		200055CC19A43946008377FF /* en */ = {isa = PBXFileReference; lastKnownFileType = text.plist.strings; name = en; path = en.lproj/InfoPlist.strings; sourceTree = "<group>"; };
		200055CE19A43946008377FF /* partyUpTests.m */ = {isa = PBXFileReference; lastKnownFileType = sourcecode.c.objc; path = partyUpTests.m; sourceTree = "<group>"; };
		200055DC19A43FF0008377FF /* Accounts.framework */ = {isa = PBXFileReference; lastKnownFileType = wrapper.framework; name = Accounts.framework; path = System/Library/Frameworks/Accounts.framework; sourceTree = SDKROOT; };
		200055DE19A43FF8008377FF /* AudioToolbox.framework */ = {isa = PBXFileReference; lastKnownFileType = wrapper.framework; name = AudioToolbox.framework; path = System/Library/Frameworks/AudioToolbox.framework; sourceTree = SDKROOT; };
		200055E019A44001008377FF /* CFNetwork.framework */ = {isa = PBXFileReference; lastKnownFileType = wrapper.framework; name = CFNetwork.framework; path = System/Library/Frameworks/CFNetwork.framework; sourceTree = SDKROOT; };
		200055E219A44017008377FF /* CoreLocation.framework */ = {isa = PBXFileReference; lastKnownFileType = wrapper.framework; name = CoreLocation.framework; path = System/Library/Frameworks/CoreLocation.framework; sourceTree = SDKROOT; };
		200055E419A44025008377FF /* libz.dylib */ = {isa = PBXFileReference; lastKnownFileType = "compiled.mach-o.dylib"; name = libz.dylib; path = usr/lib/libz.dylib; sourceTree = SDKROOT; };
		200055E619A4402E008377FF /* MobileCoreServices.framework */ = {isa = PBXFileReference; lastKnownFileType = wrapper.framework; name = MobileCoreServices.framework; path = System/Library/Frameworks/MobileCoreServices.framework; sourceTree = SDKROOT; };
		200055E819A44038008377FF /* QuartzCore.framework */ = {isa = PBXFileReference; lastKnownFileType = wrapper.framework; name = QuartzCore.framework; path = System/Library/Frameworks/QuartzCore.framework; sourceTree = SDKROOT; };
		200055EA19A44041008377FF /* Security.framework */ = {isa = PBXFileReference; lastKnownFileType = wrapper.framework; name = Security.framework; path = System/Library/Frameworks/Security.framework; sourceTree = SDKROOT; };
		200055EC19A4404A008377FF /* Social.framework */ = {isa = PBXFileReference; lastKnownFileType = wrapper.framework; name = Social.framework; path = System/Library/Frameworks/Social.framework; sourceTree = SDKROOT; };
		200055F019A4405E008377FF /* SystemConfiguration.framework */ = {isa = PBXFileReference; lastKnownFileType = wrapper.framework; name = SystemConfiguration.framework; path = System/Library/Frameworks/SystemConfiguration.framework; sourceTree = SDKROOT; };
		200055F519A4497D008377FF /* PUPartiesViewController.h */ = {isa = PBXFileReference; fileEncoding = 4; lastKnownFileType = sourcecode.c.h; path = PUPartiesViewController.h; sourceTree = "<group>"; };
		200055F619A4497D008377FF /* PUPartiesViewController.m */ = {isa = PBXFileReference; fileEncoding = 4; lastKnownFileType = sourcecode.c.objc; path = PUPartiesViewController.m; sourceTree = "<group>"; };
		201E886F19A56160008C5532 /* PUProfileViewController.h */ = {isa = PBXFileReference; fileEncoding = 4; lastKnownFileType = sourcecode.c.h; path = PUProfileViewController.h; sourceTree = "<group>"; };
		201E887019A56160008C5532 /* PUProfileViewController.m */ = {isa = PBXFileReference; fileEncoding = 4; lastKnownFileType = sourcecode.c.objc; path = PUProfileViewController.m; sourceTree = "<group>"; };
		20258BD519BE8DCA00FC5A5D /* PUPlacesService.h */ = {isa = PBXFileReference; fileEncoding = 4; lastKnownFileType = sourcecode.c.h; path = PUPlacesService.h; sourceTree = "<group>"; };
		20258BD619BE8DCA00FC5A5D /* PUPlacesService.m */ = {isa = PBXFileReference; fileEncoding = 4; lastKnownFileType = sourcecode.c.objc; path = PUPlacesService.m; sourceTree = "<group>"; };
		202845AF19FD3426004D80EE /* PUPartyMoreInfoViewController.h */ = {isa = PBXFileReference; fileEncoding = 4; lastKnownFileType = sourcecode.c.h; path = PUPartyMoreInfoViewController.h; sourceTree = "<group>"; };
		202845B019FD3426004D80EE /* PUPartyMoreInfoViewController.m */ = {isa = PBXFileReference; fileEncoding = 4; lastKnownFileType = sourcecode.c.objc; path = PUPartyMoreInfoViewController.m; sourceTree = "<group>"; };
		202845B219FD45FD004D80EE /* NSString+Validators.h */ = {isa = PBXFileReference; fileEncoding = 4; lastKnownFileType = sourcecode.c.h; path = "NSString+Validators.h"; sourceTree = "<group>"; };
		202845B319FD45FD004D80EE /* NSString+Validators.m */ = {isa = PBXFileReference; fileEncoding = 4; lastKnownFileType = sourcecode.c.objc; path = "NSString+Validators.m"; sourceTree = "<group>"; };
		20497C1519A839FC00CB942F /* PUBuddiesListViewController.h */ = {isa = PBXFileReference; fileEncoding = 4; lastKnownFileType = sourcecode.c.h; path = PUBuddiesListViewController.h; sourceTree = "<group>"; };
		20497C1619A839FC00CB942F /* PUBuddiesListViewController.m */ = {isa = PBXFileReference; fileEncoding = 4; lastKnownFileType = sourcecode.c.objc; path = PUBuddiesListViewController.m; sourceTree = "<group>"; };
		20497C1819A8474A00CB942F /* PUBuddyTableViewCell.h */ = {isa = PBXFileReference; fileEncoding = 4; lastKnownFileType = sourcecode.c.h; path = PUBuddyTableViewCell.h; sourceTree = "<group>"; };
		20497C1919A8474A00CB942F /* PUBuddyTableViewCell.m */ = {isa = PBXFileReference; fileEncoding = 4; lastKnownFileType = sourcecode.c.objc; path = PUBuddyTableViewCell.m; sourceTree = "<group>"; };
		20497C1D19A84DEB00CB942F /* UIView+roundMask.h */ = {isa = PBXFileReference; fileEncoding = 4; lastKnownFileType = sourcecode.c.h; path = "UIView+roundMask.h"; sourceTree = "<group>"; };
		20497C1E19A84DEB00CB942F /* UIView+roundMask.m */ = {isa = PBXFileReference; fileEncoding = 4; lastKnownFileType = sourcecode.c.objc; path = "UIView+roundMask.m"; sourceTree = "<group>"; };
		20497C2019A84E9000CB942F /* PUExtensionsHeader.h */ = {isa = PBXFileReference; fileEncoding = 4; lastKnownFileType = sourcecode.c.h; path = PUExtensionsHeader.h; sourceTree = "<group>"; };
		20497C2919A8531300CB942F /* PUPartyViewController.h */ = {isa = PBXFileReference; fileEncoding = 4; lastKnownFileType = sourcecode.c.h; path = PUPartyViewController.h; sourceTree = "<group>"; };
		20497C2A19A8531300CB942F /* PUPartyViewController.m */ = {isa = PBXFileReference; fileEncoding = 4; lastKnownFileType = sourcecode.c.objc; path = PUPartyViewController.m; sourceTree = "<group>"; };
		20497C2D19A86C1800CB942F /* PUPartyService.h */ = {isa = PBXFileReference; fileEncoding = 4; lastKnownFileType = sourcecode.c.h; path = PUPartyService.h; sourceTree = "<group>"; };
		20497C2E19A86C1800CB942F /* PUPartyService.m */ = {isa = PBXFileReference; fileEncoding = 4; lastKnownFileType = sourcecode.c.objc; path = PUPartyService.m; sourceTree = "<group>"; };
		2051C52019FC2B3300C66ED3 /* PUCustomApperance.h */ = {isa = PBXFileReference; fileEncoding = 4; lastKnownFileType = sourcecode.c.h; path = PUCustomApperance.h; sourceTree = "<group>"; };
		2051C52119FC2B3300C66ED3 /* PUCustomApperance.m */ = {isa = PBXFileReference; fileEncoding = 4; lastKnownFileType = sourcecode.c.objc; path = PUCustomApperance.m; sourceTree = "<group>"; };
		209D78FB19A5A3B300FF0FF2 /* ImageIO.framework */ = {isa = PBXFileReference; lastKnownFileType = wrapper.framework; name = ImageIO.framework; path = System/Library/Frameworks/ImageIO.framework; sourceTree = SDKROOT; };
		209D78FE19A5A3E700FF0FF2 /* PUPartyCell.h */ = {isa = PBXFileReference; fileEncoding = 4; lastKnownFileType = sourcecode.c.h; path = PUPartyCell.h; sourceTree = "<group>"; };
		209D78FF19A5A3E700FF0FF2 /* PUPartyCell.m */ = {isa = PBXFileReference; fileEncoding = 4; lastKnownFileType = sourcecode.c.objc; path = PUPartyCell.m; sourceTree = "<group>"; };
		20D960E519AFFB2000A893CF /* PUParty.h */ = {isa = PBXFileReference; fileEncoding = 4; lastKnownFileType = sourcecode.c.h; path = PUParty.h; sourceTree = "<group>"; };
		20D960E619AFFB2000A893CF /* PUParty.m */ = {isa = PBXFileReference; fileEncoding = 4; lastKnownFileType = sourcecode.c.objc; path = PUParty.m; sourceTree = "<group>"; };
		20D960E919AFFB5F00A893CF /* PUPlace.h */ = {isa = PBXFileReference; fileEncoding = 4; lastKnownFileType = sourcecode.c.h; path = PUPlace.h; sourceTree = "<group>"; };
		20D960EA19AFFB5F00A893CF /* PUPlace.m */ = {isa = PBXFileReference; fileEncoding = 4; lastKnownFileType = sourcecode.c.objc; path = PUPlace.m; sourceTree = "<group>"; };
		20EBA8B519FC2FC700612C85 /* PUCustomTabController.h */ = {isa = PBXFileReference; fileEncoding = 4; lastKnownFileType = sourcecode.c.h; path = PUCustomTabController.h; sourceTree = "<group>"; };
		20EBA8B619FC2FC700612C85 /* PUCustomTabController.m */ = {isa = PBXFileReference; fileEncoding = 4; lastKnownFileType = sourcecode.c.objc; path = PUCustomTabController.m; sourceTree = "<group>"; };
		20F2740719ABF44200BDBE5E /* NSCalendar+Convenience.h */ = {isa = PBXFileReference; fileEncoding = 4; lastKnownFileType = sourcecode.c.h; path = "NSCalendar+Convenience.h"; sourceTree = "<group>"; };
		20F2740819ABF44200BDBE5E /* NSCalendar+Convenience.m */ = {isa = PBXFileReference; fileEncoding = 4; lastKnownFileType = sourcecode.c.objc; path = "NSCalendar+Convenience.m"; sourceTree = "<group>"; };
		20F37F1C19ECC6F30080367B /* PULoginBackgroundCollectionViewCell.h */ = {isa = PBXFileReference; fileEncoding = 4; lastKnownFileType = sourcecode.c.h; path = PULoginBackgroundCollectionViewCell.h; sourceTree = "<group>"; };
		20F37F1D19ECC6F30080367B /* PULoginBackgroundCollectionViewCell.m */ = {isa = PBXFileReference; fileEncoding = 4; lastKnownFileType = sourcecode.c.objc; path = PULoginBackgroundCollectionViewCell.m; sourceTree = "<group>"; };
		20F37F1F19ECD0D20080367B /* LaunchScreen.xib */ = {isa = PBXFileReference; fileEncoding = 4; lastKnownFileType = file.xib; path = LaunchScreen.xib; sourceTree = "<group>"; };
		20F9389719C903440069EE26 /* PUHeaderCell.h */ = {isa = PBXFileReference; fileEncoding = 4; lastKnownFileType = sourcecode.c.h; path = PUHeaderCell.h; sourceTree = "<group>"; };
		20F9389819C903440069EE26 /* PUHeaderCell.m */ = {isa = PBXFileReference; fileEncoding = 4; lastKnownFileType = sourcecode.c.objc; path = PUHeaderCell.m; sourceTree = "<group>"; };
		20F9389A19C92D8A0069EE26 /* PUSearchSuggestionsService.h */ = {isa = PBXFileReference; fileEncoding = 4; lastKnownFileType = sourcecode.c.h; path = PUSearchSuggestionsService.h; sourceTree = "<group>"; };
		20F9389B19C92D8A0069EE26 /* PUSearchSuggestionsService.m */ = {isa = PBXFileReference; fileEncoding = 4; lastKnownFileType = sourcecode.c.objc; path = PUSearchSuggestionsService.m; sourceTree = "<group>"; };
		20F9389D19C92E590069EE26 /* PUSearchSuggestion.h */ = {isa = PBXFileReference; fileEncoding = 4; lastKnownFileType = sourcecode.c.h; path = PUSearchSuggestion.h; sourceTree = "<group>"; };
		20F9389E19C92E590069EE26 /* PUSearchSuggestion.m */ = {isa = PBXFileReference; fileEncoding = 4; lastKnownFileType = sourcecode.c.objc; path = PUSearchSuggestion.m; sourceTree = "<group>"; };
		3E10FBC91A31F3C20045A3D1 /* PUSearchCell.h */ = {isa = PBXFileReference; fileEncoding = 4; lastKnownFileType = sourcecode.c.h; path = PUSearchCell.h; sourceTree = "<group>"; };
		3E10FBCA1A31F3C20045A3D1 /* PUSearchCell.m */ = {isa = PBXFileReference; fileEncoding = 4; lastKnownFileType = sourcecode.c.objc; path = PUSearchCell.m; sourceTree = "<group>"; };
		3E737C321A338CE10054B222 /* PUPartiesAndPlacesHelper.h */ = {isa = PBXFileReference; fileEncoding = 4; lastKnownFileType = sourcecode.c.h; path = PUPartiesAndPlacesHelper.h; sourceTree = "<group>"; };
		3E737C331A338CE10054B222 /* PUPartiesAndPlacesHelper.m */ = {isa = PBXFileReference; fileEncoding = 4; lastKnownFileType = sourcecode.c.objc; path = PUPartiesAndPlacesHelper.m; sourceTree = "<group>"; };
		3E7AC3D71A34A9E000ABEE55 /* UIScrollView+PUReloadAnimations.h */ = {isa = PBXFileReference; fileEncoding = 4; lastKnownFileType = sourcecode.c.h; path = "UIScrollView+PUReloadAnimations.h"; sourceTree = "<group>"; };
		3E7AC3D81A34A9E000ABEE55 /* UIScrollView+PUReloadAnimations.m */ = {isa = PBXFileReference; fileEncoding = 4; lastKnownFileType = sourcecode.c.objc; path = "UIScrollView+PUReloadAnimations.m"; sourceTree = "<group>"; };
		3E7AC3DA1A34B6A500ABEE55 /* PUErrorFeedbackCell.h */ = {isa = PBXFileReference; fileEncoding = 4; lastKnownFileType = sourcecode.c.h; path = PUErrorFeedbackCell.h; sourceTree = "<group>"; };
		3E7AC3DB1A34B6A500ABEE55 /* PUErrorFeedbackCell.m */ = {isa = PBXFileReference; fileEncoding = 4; lastKnownFileType = sourcecode.c.objc; path = PUErrorFeedbackCell.m; sourceTree = "<group>"; };
		3E845DD81AA367D10000FEAA /* PUCurrencyUtil.h */ = {isa = PBXFileReference; fileEncoding = 4; lastKnownFileType = sourcecode.c.h; path = PUCurrencyUtil.h; sourceTree = "<group>"; };
		3E845DD91AA367D10000FEAA /* PUCurrencyUtil.m */ = {isa = PBXFileReference; fileEncoding = 4; lastKnownFileType = sourcecode.c.objc; path = PUCurrencyUtil.m; sourceTree = "<group>"; };
		3E845DDC1AA36C690000FEAA /* Base */ = {isa = PBXFileReference; lastKnownFileType = sourcecode.c.h; name = Base; path = Base.lproj/PUPriceCell.h; sourceTree = "<group>"; };
		3E845DDE1AA36C690000FEAA /* Base */ = {isa = PBXFileReference; lastKnownFileType = sourcecode.c.objc; name = Base; path = Base.lproj/PUPriceCell.m; sourceTree = "<group>"; };
		3E8D1BFC1A9ED4440097D362 /* PUPushNotificationManager.h */ = {isa = PBXFileReference; fileEncoding = 4; lastKnownFileType = sourcecode.c.h; path = PUPushNotificationManager.h; sourceTree = "<group>"; };
		3E8D1BFD1A9ED4440097D362 /* PUPushNotificationManager.m */ = {isa = PBXFileReference; fileEncoding = 4; lastKnownFileType = sourcecode.c.objc; path = PUPushNotificationManager.m; sourceTree = "<group>"; };
		3E8D1C001A9EE25C0097D362 /* GAService.h */ = {isa = PBXFileReference; fileEncoding = 4; lastKnownFileType = sourcecode.c.h; path = GAService.h; sourceTree = "<group>"; };
		3E8D1C011A9EE25C0097D362 /* GAService.m */ = {isa = PBXFileReference; fileEncoding = 4; lastKnownFileType = sourcecode.c.objc; path = GAService.m; sourceTree = "<group>"; };
		3E8D1C031A9EE3BF0097D362 /* EmptyAnalyticsTracker.h */ = {isa = PBXFileReference; fileEncoding = 4; lastKnownFileType = sourcecode.c.h; path = EmptyAnalyticsTracker.h; sourceTree = "<group>"; };
		3E8D1C041A9EE3BF0097D362 /* EmptyAnalyticsTracker.m */ = {isa = PBXFileReference; fileEncoding = 4; lastKnownFileType = sourcecode.c.objc; path = EmptyAnalyticsTracker.m; sourceTree = "<group>"; };
		3E8D1C051A9EE3BF0097D362 /* AnalyticsTriggerManager.h */ = {isa = PBXFileReference; fileEncoding = 4; lastKnownFileType = sourcecode.c.h; path = AnalyticsTriggerManager.h; sourceTree = "<group>"; };
		3E8D1C061A9EE3BF0097D362 /* AnalyticsTriggerManager.m */ = {isa = PBXFileReference; fileEncoding = 4; lastKnownFileType = sourcecode.c.objc; path = AnalyticsTriggerManager.m; sourceTree = "<group>"; };
		3E8DE4E21A2F5696007EC179 /* PUAlertUtil.h */ = {isa = PBXFileReference; fileEncoding = 4; lastKnownFileType = sourcecode.c.h; path = PUAlertUtil.h; sourceTree = "<group>"; };
		3E8DE4E31A2F5696007EC179 /* PUAlertUtil.m */ = {isa = PBXFileReference; fileEncoding = 4; lastKnownFileType = sourcecode.c.objc; path = PUAlertUtil.m; sourceTree = "<group>"; };
		3EB5EA0B1A29FBB100C18AED /* PUBestBuddyTableViewCell.h */ = {isa = PBXFileReference; fileEncoding = 4; lastKnownFileType = sourcecode.c.h; path = PUBestBuddyTableViewCell.h; sourceTree = "<group>"; };
		3EB5EA0C1A29FBB100C18AED /* PUBestBuddyTableViewCell.m */ = {isa = PBXFileReference; fileEncoding = 4; lastKnownFileType = sourcecode.c.objc; path = PUBestBuddyTableViewCell.m; sourceTree = "<group>"; };
		3EB5EA0E1A2A0B3F00C18AED /* PUHeaderTableViewCell.h */ = {isa = PBXFileReference; fileEncoding = 4; lastKnownFileType = sourcecode.c.h; path = PUHeaderTableViewCell.h; sourceTree = "<group>"; };
		3EB5EA0F1A2A0B3F00C18AED /* PUHeaderTableViewCell.m */ = {isa = PBXFileReference; fileEncoding = 4; lastKnownFileType = sourcecode.c.objc; path = PUHeaderTableViewCell.m; sourceTree = "<group>"; };
		3EB5EA111A2A3DAC00C18AED /* PUSocialService.h */ = {isa = PBXFileReference; fileEncoding = 4; lastKnownFileType = sourcecode.c.h; path = PUSocialService.h; sourceTree = "<group>"; };
		3EB5EA121A2A3DAC00C18AED /* PUSocialService.m */ = {isa = PBXFileReference; fileEncoding = 4; lastKnownFileType = sourcecode.c.objc; path = PUSocialService.m; sourceTree = "<group>"; };
		3EB5EA141A2A3E3D00C18AED /* PUUser.h */ = {isa = PBXFileReference; fileEncoding = 4; lastKnownFileType = sourcecode.c.h; path = PUUser.h; sourceTree = "<group>"; };
		3EB5EA151A2A3E3D00C18AED /* PUUser.m */ = {isa = PBXFileReference; fileEncoding = 4; lastKnownFileType = sourcecode.c.objc; path = PUUser.m; sourceTree = "<group>"; };
		3EB5EA171A2A491D00C18AED /* PUBuddiesStorage.h */ = {isa = PBXFileReference; fileEncoding = 4; lastKnownFileType = sourcecode.c.h; path = PUBuddiesStorage.h; sourceTree = "<group>"; };
		3EB5EA181A2A491D00C18AED /* PUBuddiesStorage.m */ = {isa = PBXFileReference; fileEncoding = 4; lastKnownFileType = sourcecode.c.objc; path = PUBuddiesStorage.m; sourceTree = "<group>"; };
		3EB5EA1A1A2A696900C18AED /* MapKit.framework */ = {isa = PBXFileReference; lastKnownFileType = wrapper.framework; name = MapKit.framework; path = System/Library/Frameworks/MapKit.framework; sourceTree = SDKROOT; };
		3EB5EA1C1A2A7BC100C18AED /* PUSendMailHelper.h */ = {isa = PBXFileReference; fileEncoding = 4; lastKnownFileType = sourcecode.c.h; path = PUSendMailHelper.h; sourceTree = "<group>"; };
		3EB5EA1D1A2A7BC100C18AED /* PUSendMailHelper.m */ = {isa = PBXFileReference; fileEncoding = 4; lastKnownFileType = sourcecode.c.objc; path = PUSendMailHelper.m; sourceTree = "<group>"; };
		3EB5EA241A2A8AD800C18AED /* UIAsyncButton.h */ = {isa = PBXFileReference; fileEncoding = 4; lastKnownFileType = sourcecode.c.h; path = UIAsyncButton.h; sourceTree = "<group>"; };
		3EB5EA251A2A8AD800C18AED /* UIAsyncButton.m */ = {isa = PBXFileReference; fileEncoding = 4; lastKnownFileType = sourcecode.c.objc; path = UIAsyncButton.m; sourceTree = "<group>"; };
		3EB8C57C1A30ADF40063E70C /* PUInviteBuddyToListCell.h */ = {isa = PBXFileReference; fileEncoding = 4; lastKnownFileType = sourcecode.c.h; path = PUInviteBuddyToListCell.h; sourceTree = "<group>"; };
		3EB8C57D1A30ADF40063E70C /* PUInviteBuddyToListCell.m */ = {isa = PBXFileReference; fileEncoding = 4; lastKnownFileType = sourcecode.c.objc; path = PUInviteBuddyToListCell.m; sourceTree = "<group>"; };
		3EFEF1BA1A30E8030054CFE5 /* PUPlaceCell.h */ = {isa = PBXFileReference; fileEncoding = 4; lastKnownFileType = sourcecode.c.h; path = PUPlaceCell.h; sourceTree = "<group>"; };
		3EFEF1BB1A30E8030054CFE5 /* PUPlaceCell.m */ = {isa = PBXFileReference; fileEncoding = 4; lastKnownFileType = sourcecode.c.objc; path = PUPlaceCell.m; sourceTree = "<group>"; };
		74F62BFD1AA0080900B88394 /* PUImagePartyCell.h */ = {isa = PBXFileReference; fileEncoding = 4; lastKnownFileType = sourcecode.c.h; path = PUImagePartyCell.h; sourceTree = "<group>"; };
		74F62BFE1AA0080900B88394 /* PUImagePartyCell.m */ = {isa = PBXFileReference; fileEncoding = 4; lastKnownFileType = sourcecode.c.objc; path = PUImagePartyCell.m; sourceTree = "<group>"; };
		74F62C001AA0083900B88394 /* PUAddressPartyCell.h */ = {isa = PBXFileReference; fileEncoding = 4; lastKnownFileType = sourcecode.c.h; path = PUAddressPartyCell.h; sourceTree = "<group>"; };
		74F62C011AA0083900B88394 /* PUAddressPartyCell.m */ = {isa = PBXFileReference; fileEncoding = 4; lastKnownFileType = sourcecode.c.objc; path = PUAddressPartyCell.m; sourceTree = "<group>"; };
		74F62C071AA0089100B88394 /* PUDetailPartyCell.h */ = {isa = PBXFileReference; fileEncoding = 4; lastKnownFileType = sourcecode.c.h; path = PUDetailPartyCell.h; sourceTree = "<group>"; };
		74F62C081AA0089100B88394 /* PUDetailPartyCell.m */ = {isa = PBXFileReference; fileEncoding = 4; lastKnownFileType = sourcecode.c.objc; path = PUDetailPartyCell.m; sourceTree = "<group>"; };
		74F62C0A1AA00EE800B88394 /* PUControllPartyCell.h */ = {isa = PBXFileReference; fileEncoding = 4; lastKnownFileType = sourcecode.c.h; path = PUControllPartyCell.h; sourceTree = "<group>"; };
		74F62C0B1AA00EE800B88394 /* PUControllPartyCell.m */ = {isa = PBXFileReference; fileEncoding = 4; lastKnownFileType = sourcecode.c.objc; path = PUControllPartyCell.m; sourceTree = "<group>"; };
		B09A68A00BEE43AAAD723D57 /* libPods-partyUp.a */ = {isa = PBXFileReference; explicitFileType = archive.ar; includeInIndex = 0; path = "libPods-partyUp.a"; sourceTree = BUILT_PRODUCTS_DIR; };
		F8390E582CE32D49B7CAF53B /* Pods-partyUp.release.xcconfig */ = {isa = PBXFileReference; includeInIndex = 1; lastKnownFileType = text.xcconfig; name = "Pods-partyUp.release.xcconfig"; path = "Pods/Target Support Files/Pods-partyUp/Pods-partyUp.release.xcconfig"; sourceTree = "<group>"; };
/* End PBXFileReference section */

/* Begin PBXFrameworksBuildPhase section */
		2000559D19A43945008377FF /* Frameworks */ = {
			isa = PBXFrameworksBuildPhase;
			buildActionMask = 2147483647;
			files = (
				209EA9BA19C29C600015D09E /* CoreLocation.framework in Frameworks */,
				209D78FC19A5A3B300FF0FF2 /* ImageIO.framework in Frameworks */,
				200055F119A4405E008377FF /* SystemConfiguration.framework in Frameworks */,
				200055ED19A4404A008377FF /* Social.framework in Frameworks */,
				200055EB19A44041008377FF /* Security.framework in Frameworks */,
				200055E919A44038008377FF /* QuartzCore.framework in Frameworks */,
				200055E719A4402E008377FF /* MobileCoreServices.framework in Frameworks */,
				200055E519A44025008377FF /* libz.dylib in Frameworks */,
				3EB5EA1B1A2A696900C18AED /* MapKit.framework in Frameworks */,
				200055A619A43945008377FF /* CoreGraphics.framework in Frameworks */,
				200055E119A44001008377FF /* CFNetwork.framework in Frameworks */,
				200055DF19A43FF8008377FF /* AudioToolbox.framework in Frameworks */,
				200055DD19A43FF0008377FF /* Accounts.framework in Frameworks */,
				200055A819A43945008377FF /* UIKit.framework in Frameworks */,
				200055A419A43945008377FF /* Foundation.framework in Frameworks */,
				B63746A85D87482DB775A280 /* libPods-partyUp.a in Frameworks */,
			);
			runOnlyForDeploymentPostprocessing = 0;
		};
		200055BE19A43946008377FF /* Frameworks */ = {
			isa = PBXFrameworksBuildPhase;
			buildActionMask = 2147483647;
			files = (
				200055C319A43946008377FF /* XCTest.framework in Frameworks */,
				200055C519A43946008377FF /* UIKit.framework in Frameworks */,
				200055C419A43946008377FF /* Foundation.framework in Frameworks */,
			);
			runOnlyForDeploymentPostprocessing = 0;
		};
/* End PBXFrameworksBuildPhase section */

/* Begin PBXGroup section */
		2000559719A43945008377FF = {
			isa = PBXGroup;
			children = (
				200055A919A43946008377FF /* partyUp */,
				200055C819A43946008377FF /* partyUpTests */,
				200055A219A43945008377FF /* Frameworks */,
				200055A119A43945008377FF /* Products */,
				FD8EBE52ABF76918DCCA5A34 /* Pods */,
			);
			sourceTree = "<group>";
		};
		200055A119A43945008377FF /* Products */ = {
			isa = PBXGroup;
			children = (
				200055A019A43945008377FF /* partyUp.app */,
				200055C119A43946008377FF /* partyUpTests.xctest */,
			);
			name = Products;
			sourceTree = "<group>";
		};
		200055A219A43945008377FF /* Frameworks */ = {
			isa = PBXGroup;
			children = (
				3EB5EA1A1A2A696900C18AED /* MapKit.framework */,
				209D78FB19A5A3B300FF0FF2 /* ImageIO.framework */,
				200055F019A4405E008377FF /* SystemConfiguration.framework */,
				200055EC19A4404A008377FF /* Social.framework */,
				200055EA19A44041008377FF /* Security.framework */,
				200055E819A44038008377FF /* QuartzCore.framework */,
				200055E619A4402E008377FF /* MobileCoreServices.framework */,
				200055E419A44025008377FF /* libz.dylib */,
				200055E219A44017008377FF /* CoreLocation.framework */,
				200055E019A44001008377FF /* CFNetwork.framework */,
				200055DE19A43FF8008377FF /* AudioToolbox.framework */,
				200055DC19A43FF0008377FF /* Accounts.framework */,
				200055A319A43945008377FF /* Foundation.framework */,
				200055A519A43945008377FF /* CoreGraphics.framework */,
				200055A719A43945008377FF /* UIKit.framework */,
				200055C219A43946008377FF /* XCTest.framework */,
				B09A68A00BEE43AAAD723D57 /* libPods-partyUp.a */,
			);
			name = Frameworks;
			sourceTree = "<group>";
		};
		200055A919A43946008377FF /* partyUp */ = {
			isa = PBXGroup;
			children = (
				3E8D1BFF1A9EE24C0097D362 /* tracking */,
				3E8D1BFB1A9ED3CB0097D362 /* utils */,
				20D960E819AFFB2700A893CF /* model */,
				20F2740A19ABF6FD00BDBE5E /* helpers */,
				20497C2C19A86BFC00CB942F /* services */,
				20497C1B19A84D9400CB942F /* extensions */,
				209D78FD19A5A3C000FF0FF2 /* views */,
				200055F419A44957008377FF /* controllers */,
				200055F319A44948008377FF /* storyboards */,
				200055F219A44938008377FF /* app */,
			);
			path = partyUp;
			sourceTree = "<group>";
		};
		200055AA19A43946008377FF /* Supporting Files */ = {
			isa = PBXGroup;
			children = (
				200055AB19A43946008377FF /* partyUp-Info.plist */,
				200055AC19A43946008377FF /* InfoPlist.strings */,
				200055AF19A43946008377FF /* main.m */,
				200055B119A43946008377FF /* partyUp-Prefix.pch */,
			);
			name = "Supporting Files";
			sourceTree = "<group>";
		};
		200055C819A43946008377FF /* partyUpTests */ = {
			isa = PBXGroup;
			children = (
				200055CE19A43946008377FF /* partyUpTests.m */,
				200055C919A43946008377FF /* Supporting Files */,
			);
			path = partyUpTests;
			sourceTree = "<group>";
		};
		200055C919A43946008377FF /* Supporting Files */ = {
			isa = PBXGroup;
			children = (
				200055CA19A43946008377FF /* partyUpTests-Info.plist */,
				200055CB19A43946008377FF /* InfoPlist.strings */,
			);
			name = "Supporting Files";
			sourceTree = "<group>";
		};
		200055F219A44938008377FF /* app */ = {
			isa = PBXGroup;
			children = (
				200055B219A43946008377FF /* PUAppDelegate.h */,
				200055B319A43946008377FF /* PUAppDelegate.m */,
				20F37F1F19ECD0D20080367B /* LaunchScreen.xib */,
				200055BB19A43946008377FF /* Images.xcassets */,
				200055AA19A43946008377FF /* Supporting Files */,
			);
			name = app;
			sourceTree = "<group>";
		};
		200055F319A44948008377FF /* storyboards */ = {
			isa = PBXGroup;
			children = (
				200055B519A43946008377FF /* Main.storyboard */,
			);
			name = storyboards;
			sourceTree = "<group>";
		};
		200055F419A44957008377FF /* controllers */ = {
			isa = PBXGroup;
			children = (
				20497C2819A8527C00CB942F /* auth */,
				20497C2719A8525E00CB942F /* profile */,
				20497C2619A8525200CB942F /* parties */,
				20EBA8B519FC2FC700612C85 /* PUCustomTabController.h */,
				20EBA8B619FC2FC700612C85 /* PUCustomTabController.m */,
			);
			name = controllers;
			sourceTree = "<group>";
		};
		20497C1B19A84D9400CB942F /* extensions */ = {
			isa = PBXGroup;
			children = (
				20497C1D19A84DEB00CB942F /* UIView+roundMask.h */,
				20497C1E19A84DEB00CB942F /* UIView+roundMask.m */,
				20497C2019A84E9000CB942F /* PUExtensionsHeader.h */,
				20F2740719ABF44200BDBE5E /* NSCalendar+Convenience.h */,
				20F2740819ABF44200BDBE5E /* NSCalendar+Convenience.m */,
				202845B219FD45FD004D80EE /* NSString+Validators.h */,
				202845B319FD45FD004D80EE /* NSString+Validators.m */,
				3E7AC3D71A34A9E000ABEE55 /* UIScrollView+PUReloadAnimations.h */,
				3E7AC3D81A34A9E000ABEE55 /* UIScrollView+PUReloadAnimations.m */,
			);
			name = extensions;
			sourceTree = "<group>";
		};
		20497C2619A8525200CB942F /* parties */ = {
			isa = PBXGroup;
			children = (
				200055F519A4497D008377FF /* PUPartiesViewController.h */,
				200055F619A4497D008377FF /* PUPartiesViewController.m */,
				20497C2919A8531300CB942F /* PUPartyViewController.h */,
				20497C2A19A8531300CB942F /* PUPartyViewController.m */,
				202845AF19FD3426004D80EE /* PUPartyMoreInfoViewController.h */,
				202845B019FD3426004D80EE /* PUPartyMoreInfoViewController.m */,
			);
			name = parties;
			sourceTree = "<group>";
		};
		20497C2719A8525E00CB942F /* profile */ = {
			isa = PBXGroup;
			children = (
				201E886F19A56160008C5532 /* PUProfileViewController.h */,
				201E887019A56160008C5532 /* PUProfileViewController.m */,
				20497C1519A839FC00CB942F /* PUBuddiesListViewController.h */,
				20497C1619A839FC00CB942F /* PUBuddiesListViewController.m */,
			);
			name = profile;
			sourceTree = "<group>";
		};
		20497C2819A8527C00CB942F /* auth */ = {
			isa = PBXGroup;
			children = (
				200055B819A43946008377FF /* PULoginViewController.h */,
				200055B919A43946008377FF /* PULoginViewController.m */,
			);
			name = auth;
			sourceTree = "<group>";
		};
		20497C2C19A86BFC00CB942F /* services */ = {
			isa = PBXGroup;
			children = (
				20497C2D19A86C1800CB942F /* PUPartyService.h */,
				20497C2E19A86C1800CB942F /* PUPartyService.m */,
				20258BD519BE8DCA00FC5A5D /* PUPlacesService.h */,
				20258BD619BE8DCA00FC5A5D /* PUPlacesService.m */,
				20F9389A19C92D8A0069EE26 /* PUSearchSuggestionsService.h */,
				20F9389B19C92D8A0069EE26 /* PUSearchSuggestionsService.m */,
				3EB5EA111A2A3DAC00C18AED /* PUSocialService.h */,
				3EB5EA121A2A3DAC00C18AED /* PUSocialService.m */,
			);
			name = services;
			sourceTree = "<group>";
		};
		209D78FD19A5A3C000FF0FF2 /* views */ = {
			isa = PBXGroup;
			children = (
				74F62BFC1AA0078600B88394 /* party */,
				3EB5EA231A2A8ABE00C18AED /* components */,
				3EB5EA0B1A29FBB100C18AED /* PUBestBuddyTableViewCell.h */,
				3EB5EA0C1A29FBB100C18AED /* PUBestBuddyTableViewCell.m */,
				209D78FE19A5A3E700FF0FF2 /* PUPartyCell.h */,
				209D78FF19A5A3E700FF0FF2 /* PUPartyCell.m */,
				3EFEF1BA1A30E8030054CFE5 /* PUPlaceCell.h */,
				3EFEF1BB1A30E8030054CFE5 /* PUPlaceCell.m */,
				20497C1819A8474A00CB942F /* PUBuddyTableViewCell.h */,
				20497C1919A8474A00CB942F /* PUBuddyTableViewCell.m */,
				20F9389719C903440069EE26 /* PUHeaderCell.h */,
				20F9389819C903440069EE26 /* PUHeaderCell.m */,
				20F37F1C19ECC6F30080367B /* PULoginBackgroundCollectionViewCell.h */,
				20F37F1D19ECC6F30080367B /* PULoginBackgroundCollectionViewCell.m */,
				3EB5EA0E1A2A0B3F00C18AED /* PUHeaderTableViewCell.h */,
				3EB5EA0F1A2A0B3F00C18AED /* PUHeaderTableViewCell.m */,
				3EB8C57C1A30ADF40063E70C /* PUInviteBuddyToListCell.h */,
				3EB8C57D1A30ADF40063E70C /* PUInviteBuddyToListCell.m */,
				3E10FBC91A31F3C20045A3D1 /* PUSearchCell.h */,
				3E10FBCA1A31F3C20045A3D1 /* PUSearchCell.m */,
				3E7AC3DA1A34B6A500ABEE55 /* PUErrorFeedbackCell.h */,
				3E7AC3DB1A34B6A500ABEE55 /* PUErrorFeedbackCell.m */,
			);
			name = views;
			sourceTree = "<group>";
		};
		20D960E819AFFB2700A893CF /* model */ = {
			isa = PBXGroup;
			children = (
				20D960E519AFFB2000A893CF /* PUParty.h */,
				20D960E619AFFB2000A893CF /* PUParty.m */,
				20D960E919AFFB5F00A893CF /* PUPlace.h */,
				20D960EA19AFFB5F00A893CF /* PUPlace.m */,
				20F9389D19C92E590069EE26 /* PUSearchSuggestion.h */,
				20F9389E19C92E590069EE26 /* PUSearchSuggestion.m */,
				3EB5EA141A2A3E3D00C18AED /* PUUser.h */,
				3EB5EA151A2A3E3D00C18AED /* PUUser.m */,
			);
			name = model;
			sourceTree = "<group>";
		};
		20F2740A19ABF6FD00BDBE5E /* helpers */ = {
			isa = PBXGroup;
			children = (
				3E8DE4E21A2F5696007EC179 /* PUAlertUtil.h */,
				3E8DE4E31A2F5696007EC179 /* PUAlertUtil.m */,
				2051C52019FC2B3300C66ED3 /* PUCustomApperance.h */,
				2051C52119FC2B3300C66ED3 /* PUCustomApperance.m */,
				3EB5EA171A2A491D00C18AED /* PUBuddiesStorage.h */,
				3EB5EA181A2A491D00C18AED /* PUBuddiesStorage.m */,
				3EB5EA1C1A2A7BC100C18AED /* PUSendMailHelper.h */,
				3EB5EA1D1A2A7BC100C18AED /* PUSendMailHelper.m */,
				3E737C321A338CE10054B222 /* PUPartiesAndPlacesHelper.h */,
				3E737C331A338CE10054B222 /* PUPartiesAndPlacesHelper.m */,
			);
			name = helpers;
			sourceTree = "<group>";
		};
		3E8D1BFB1A9ED3CB0097D362 /* utils */ = {
			isa = PBXGroup;
			children = (
				3E8D1BFC1A9ED4440097D362 /* PUPushNotificationManager.h */,
				3E8D1BFD1A9ED4440097D362 /* PUPushNotificationManager.m */,
				3E845DD81AA367D10000FEAA /* PUCurrencyUtil.h */,
				3E845DD91AA367D10000FEAA /* PUCurrencyUtil.m */,
			);
			name = utils;
			sourceTree = "<group>";
		};
		3E8D1BFF1A9EE24C0097D362 /* tracking */ = {
			isa = PBXGroup;
			children = (
				3E8D1C031A9EE3BF0097D362 /* EmptyAnalyticsTracker.h */,
				3E8D1C041A9EE3BF0097D362 /* EmptyAnalyticsTracker.m */,
				3E8D1C051A9EE3BF0097D362 /* AnalyticsTriggerManager.h */,
				3E8D1C061A9EE3BF0097D362 /* AnalyticsTriggerManager.m */,
				3E8D1C001A9EE25C0097D362 /* GAService.h */,
				3E8D1C011A9EE25C0097D362 /* GAService.m */,
			);
			name = tracking;
			sourceTree = "<group>";
		};
		3EB5EA231A2A8ABE00C18AED /* components */ = {
			isa = PBXGroup;
			children = (
				3EB5EA241A2A8AD800C18AED /* UIAsyncButton.h */,
				3EB5EA251A2A8AD800C18AED /* UIAsyncButton.m */,
			);
			name = components;
			sourceTree = "<group>";
		};
		74F62BFC1AA0078600B88394 /* party */ = {
			isa = PBXGroup;
			children = (
				3E845DDB1AA36C690000FEAA /* PUPriceCell.h */,
				3E845DDD1AA36C690000FEAA /* PUPriceCell.m */,
				74F62BFD1AA0080900B88394 /* PUImagePartyCell.h */,
				74F62BFE1AA0080900B88394 /* PUImagePartyCell.m */,
				74F62C001AA0083900B88394 /* PUAddressPartyCell.h */,
				74F62C011AA0083900B88394 /* PUAddressPartyCell.m */,
				74F62C071AA0089100B88394 /* PUDetailPartyCell.h */,
				74F62C081AA0089100B88394 /* PUDetailPartyCell.m */,
				74F62C0A1AA00EE800B88394 /* PUControllPartyCell.h */,
				74F62C0B1AA00EE800B88394 /* PUControllPartyCell.m */,
			);
			name = party;
			sourceTree = "<group>";
		};
		FD8EBE52ABF76918DCCA5A34 /* Pods */ = {
			isa = PBXGroup;
			children = (
				0EDB05370A311BD6C75EF9A3 /* Pods-partyUp.debug.xcconfig */,
				F8390E582CE32D49B7CAF53B /* Pods-partyUp.release.xcconfig */,
			);
			name = Pods;
			sourceTree = "<group>";
		};
/* End PBXGroup section */

/* Begin PBXNativeTarget section */
		2000559F19A43945008377FF /* partyUp */ = {
			isa = PBXNativeTarget;
			buildConfigurationList = 200055D219A43946008377FF /* Build configuration list for PBXNativeTarget "partyUp" */;
			buildPhases = (
				842D83DE2573473798FE353C /* Check Pods Manifest.lock */,
				2000559C19A43945008377FF /* Sources */,
				2000559D19A43945008377FF /* Frameworks */,
				2000559E19A43945008377FF /* Resources */,
				547F6EA54A624AEEB666A57F /* Copy Pods Resources */,
			);
			buildRules = (
			);
			dependencies = (
			);
			name = partyUp;
			productName = partyUp;
			productReference = 200055A019A43945008377FF /* partyUp.app */;
			productType = "com.apple.product-type.application";
		};
		200055C019A43946008377FF /* partyUpTests */ = {
			isa = PBXNativeTarget;
			buildConfigurationList = 200055D519A43946008377FF /* Build configuration list for PBXNativeTarget "partyUpTests" */;
			buildPhases = (
				200055BD19A43946008377FF /* Sources */,
				200055BE19A43946008377FF /* Frameworks */,
				200055BF19A43946008377FF /* Resources */,
			);
			buildRules = (
			);
			dependencies = (
				200055C719A43946008377FF /* PBXTargetDependency */,
			);
			name = partyUpTests;
			productName = partyUpTests;
			productReference = 200055C119A43946008377FF /* partyUpTests.xctest */;
			productType = "com.apple.product-type.bundle.unit-test";
		};
/* End PBXNativeTarget section */

/* Begin PBXProject section */
		2000559819A43945008377FF /* Project object */ = {
			isa = PBXProject;
			attributes = {
				CLASSPREFIX = PU;
				LastUpgradeCheck = 0510;
				ORGANIZATIONNAME = "Thiago Lioy";
				TargetAttributes = {
					2000559F19A43945008377FF = {
						DevelopmentTeam = J5P786SDN2;
						SystemCapabilities = {
							com.apple.InAppPurchase = {
								enabled = 0;
							};
							com.apple.Maps.iOS = {
								enabled = 1;
							};
						};
					};
					200055C019A43946008377FF = {
						TestTargetID = 2000559F19A43945008377FF;
					};
				};
			};
			buildConfigurationList = 2000559B19A43945008377FF /* Build configuration list for PBXProject "partyUp" */;
			compatibilityVersion = "Xcode 3.2";
			developmentRegion = English;
			hasScannedForEncodings = 0;
			knownRegions = (
				en,
				Base,
			);
			mainGroup = 2000559719A43945008377FF;
			productRefGroup = 200055A119A43945008377FF /* Products */;
			projectDirPath = "";
			projectRoot = "";
			targets = (
				2000559F19A43945008377FF /* partyUp */,
				200055C019A43946008377FF /* partyUpTests */,
			);
		};
/* End PBXProject section */

/* Begin PBXResourcesBuildPhase section */
		2000559E19A43945008377FF /* Resources */ = {
			isa = PBXResourcesBuildPhase;
			buildActionMask = 2147483647;
			files = (
				20F37F2019ECD0D20080367B /* LaunchScreen.xib in Resources */,
				200055BC19A43946008377FF /* Images.xcassets in Resources */,
				200055AE19A43946008377FF /* InfoPlist.strings in Resources */,
				200055B719A43946008377FF /* Main.storyboard in Resources */,
			);
			runOnlyForDeploymentPostprocessing = 0;
		};
		200055BF19A43946008377FF /* Resources */ = {
			isa = PBXResourcesBuildPhase;
			buildActionMask = 2147483647;
			files = (
				200055CD19A43946008377FF /* InfoPlist.strings in Resources */,
			);
			runOnlyForDeploymentPostprocessing = 0;
		};
/* End PBXResourcesBuildPhase section */

/* Begin PBXShellScriptBuildPhase section */
		547F6EA54A624AEEB666A57F /* Copy Pods Resources */ = {
			isa = PBXShellScriptBuildPhase;
			buildActionMask = 2147483647;
			files = (
			);
			inputPaths = (
			);
			name = "Copy Pods Resources";
			outputPaths = (
			);
			runOnlyForDeploymentPostprocessing = 0;
			shellPath = /bin/sh;
			shellScript = "\"${SRCROOT}/Pods/Target Support Files/Pods-partyUp/Pods-partyUp-resources.sh\"\n";
			showEnvVarsInLog = 0;
		};
		842D83DE2573473798FE353C /* Check Pods Manifest.lock */ = {
			isa = PBXShellScriptBuildPhase;
			buildActionMask = 2147483647;
			files = (
			);
			inputPaths = (
			);
			name = "Check Pods Manifest.lock";
			outputPaths = (
			);
			runOnlyForDeploymentPostprocessing = 0;
			shellPath = /bin/sh;
			shellScript = "diff \"${PODS_ROOT}/../Podfile.lock\" \"${PODS_ROOT}/Manifest.lock\" > /dev/null\nif [[ $? != 0 ]] ; then\n    cat << EOM\nerror: The sandbox is not in sync with the Podfile.lock. Run 'pod install' or update your CocoaPods installation.\nEOM\n    exit 1\nfi\n";
			showEnvVarsInLog = 0;
		};
/* End PBXShellScriptBuildPhase section */

/* Begin PBXSourcesBuildPhase section */
		2000559C19A43945008377FF /* Sources */ = {
			isa = PBXSourcesBuildPhase;
			buildActionMask = 2147483647;
			files = (
				200055F719A4497D008377FF /* PUPartiesViewController.m in Sources */,
				20497C1A19A8474A00CB942F /* PUBuddyTableViewCell.m in Sources */,
				3EB5EA261A2A8AD800C18AED /* UIAsyncButton.m in Sources */,
				209D790019A5A3E700FF0FF2 /* PUPartyCell.m in Sources */,
				74F62C021AA0083900B88394 /* PUAddressPartyCell.m in Sources */,
				20497C1719A839FC00CB942F /* PUBuddiesListViewController.m in Sources */,
				3EB5EA161A2A3E3D00C18AED /* PUUser.m in Sources */,
				201E887119A56160008C5532 /* PUProfileViewController.m in Sources */,
				3E8D1BFE1A9ED4440097D362 /* PUPushNotificationManager.m in Sources */,
				202845B419FD45FD004D80EE /* NSString+Validators.m in Sources */,
				202845B119FD3426004D80EE /* PUPartyMoreInfoViewController.m in Sources */,
				3E845DDA1AA367D10000FEAA /* PUCurrencyUtil.m in Sources */,
				20497C1F19A84DEB00CB942F /* UIView+roundMask.m in Sources */,
				3E8D1C081A9EE3BF0097D362 /* AnalyticsTriggerManager.m in Sources */,
				200055B019A43946008377FF /* main.m in Sources */,
				74F62C091AA0089100B88394 /* PUDetailPartyCell.m in Sources */,
				20F9389C19C92D8A0069EE26 /* PUSearchSuggestionsService.m in Sources */,
				3EFEF1BC1A30E8030054CFE5 /* PUPlaceCell.m in Sources */,
				74F62BFF1AA0080900B88394 /* PUImagePartyCell.m in Sources */,
				3E737C341A338CE20054B222 /* PUPartiesAndPlacesHelper.m in Sources */,
				3E7AC3D91A34A9E000ABEE55 /* UIScrollView+PUReloadAnimations.m in Sources */,
				20D960EB19AFFB5F00A893CF /* PUPlace.m in Sources */,
				200055BA19A43946008377FF /* PULoginViewController.m in Sources */,
				20F9389F19C92E590069EE26 /* PUSearchSuggestion.m in Sources */,
				74F62C0C1AA00EE800B88394 /* PUControllPartyCell.m in Sources */,
				20497C2B19A8531300CB942F /* PUPartyViewController.m in Sources */,
				20258BD719BE8DCA00FC5A5D /* PUPlacesService.m in Sources */,
				3E8D1C071A9EE3BF0097D362 /* EmptyAnalyticsTracker.m in Sources */,
				3E8D1C021A9EE25C0097D362 /* GAService.m in Sources */,
				20D960E719AFFB2000A893CF /* PUParty.m in Sources */,
				3EB5EA101A2A0B3F00C18AED /* PUHeaderTableViewCell.m in Sources */,
				3EB8C57E1A30ADF40063E70C /* PUInviteBuddyToListCell.m in Sources */,
				20497C2F19A86C1800CB942F /* PUPartyService.m in Sources */,
				20F2740919ABF44200BDBE5E /* NSCalendar+Convenience.m in Sources */,
				20EBA8B719FC2FC700612C85 /* PUCustomTabController.m in Sources */,
				3E7AC3DC1A34B6A500ABEE55 /* PUErrorFeedbackCell.m in Sources */,
				3EB5EA131A2A3DAC00C18AED /* PUSocialService.m in Sources */,
				20F37F1E19ECC6F30080367B /* PULoginBackgroundCollectionViewCell.m in Sources */,
				20F9389919C903440069EE26 /* PUHeaderCell.m in Sources */,
				3E8DE4E41A2F5696007EC179 /* PUAlertUtil.m in Sources */,
				3E10FBCB1A31F3C20045A3D1 /* PUSearchCell.m in Sources */,
				3EB5EA1E1A2A7BC100C18AED /* PUSendMailHelper.m in Sources */,
				3EB5EA0D1A29FBB100C18AED /* PUBestBuddyTableViewCell.m in Sources */,
				200055B419A43946008377FF /* PUAppDelegate.m in Sources */,
				2051C52219FC2B3300C66ED3 /* PUCustomApperance.m in Sources */,
				3EB5EA191A2A491D00C18AED /* PUBuddiesStorage.m in Sources */,
			);
			runOnlyForDeploymentPostprocessing = 0;
		};
		200055BD19A43946008377FF /* Sources */ = {
			isa = PBXSourcesBuildPhase;
			buildActionMask = 2147483647;
			files = (
				200055CF19A43946008377FF /* partyUpTests.m in Sources */,
			);
			runOnlyForDeploymentPostprocessing = 0;
		};
/* End PBXSourcesBuildPhase section */

/* Begin PBXTargetDependency section */
		200055C719A43946008377FF /* PBXTargetDependency */ = {
			isa = PBXTargetDependency;
			target = 2000559F19A43945008377FF /* partyUp */;
			targetProxy = 200055C619A43946008377FF /* PBXContainerItemProxy */;
		};
/* End PBXTargetDependency section */

/* Begin PBXVariantGroup section */
		200055AC19A43946008377FF /* InfoPlist.strings */ = {
			isa = PBXVariantGroup;
			children = (
				200055AD19A43946008377FF /* en */,
			);
			name = InfoPlist.strings;
			sourceTree = "<group>";
		};
		200055B519A43946008377FF /* Main.storyboard */ = {
			isa = PBXVariantGroup;
			children = (
				200055B619A43946008377FF /* Base */,
			);
			name = Main.storyboard;
			sourceTree = "<group>";
		};
		200055CB19A43946008377FF /* InfoPlist.strings */ = {
			isa = PBXVariantGroup;
			children = (
				200055CC19A43946008377FF /* en */,
			);
			name = InfoPlist.strings;
			sourceTree = "<group>";
		};
		3E845DDB1AA36C690000FEAA /* PUPriceCell.h */ = {
			isa = PBXVariantGroup;
			children = (
				3E845DDC1AA36C690000FEAA /* Base */,
			);
			name = PUPriceCell.h;
			sourceTree = "<group>";
		};
		3E845DDD1AA36C690000FEAA /* PUPriceCell.m */ = {
			isa = PBXVariantGroup;
			children = (
				3E845DDE1AA36C690000FEAA /* Base */,
			);
			name = PUPriceCell.m;
			sourceTree = "<group>";
		};
/* End PBXVariantGroup section */

/* Begin XCBuildConfiguration section */
		200055D019A43946008377FF /* Debug */ = {
			isa = XCBuildConfiguration;
			buildSettings = {
				ALWAYS_SEARCH_USER_PATHS = NO;
				CLANG_CXX_LANGUAGE_STANDARD = "gnu++0x";
				CLANG_CXX_LIBRARY = "libc++";
				CLANG_ENABLE_MODULES = YES;
				CLANG_ENABLE_OBJC_ARC = YES;
				CLANG_WARN_BOOL_CONVERSION = YES;
				CLANG_WARN_CONSTANT_CONVERSION = YES;
				CLANG_WARN_DIRECT_OBJC_ISA_USAGE = YES_ERROR;
				CLANG_WARN_EMPTY_BODY = YES;
				CLANG_WARN_ENUM_CONVERSION = YES;
				CLANG_WARN_INT_CONVERSION = YES;
				CLANG_WARN_OBJC_ROOT_CLASS = YES_ERROR;
				CLANG_WARN__DUPLICATE_METHOD_MATCH = YES;
				CODE_SIGN_IDENTITY = "iOS Development: Thiago Lioy (V4U2A6P7XZ)";
				"CODE_SIGN_IDENTITY[sdk=iphoneos*]" = "iOS Development: Thiago Lioy (V4U2A6P7XZ)";
				COPY_PHASE_STRIP = NO;
				GCC_C_LANGUAGE_STANDARD = gnu99;
				GCC_DYNAMIC_NO_PIC = NO;
				GCC_OPTIMIZATION_LEVEL = 0;
				GCC_PREPROCESSOR_DEFINITIONS = (
					"DEBUG=1",
					"$(inherited)",
				);
				GCC_SYMBOLS_PRIVATE_EXTERN = NO;
				GCC_WARN_64_TO_32_BIT_CONVERSION = YES;
				GCC_WARN_ABOUT_RETURN_TYPE = YES_ERROR;
				GCC_WARN_UNDECLARED_SELECTOR = YES;
				GCC_WARN_UNINITIALIZED_AUTOS = YES_AGGRESSIVE;
				GCC_WARN_UNUSED_FUNCTION = YES;
				GCC_WARN_UNUSED_VARIABLE = YES;
				IPHONEOS_DEPLOYMENT_TARGET = 8.0;
				ONLY_ACTIVE_ARCH = YES;
				PROVISIONING_PROFILE = "0999c7cc-9805-458c-9ead-2898d4380a32";
				SDKROOT = iphoneos;
			};
			name = Debug;
		};
		200055D119A43946008377FF /* Release */ = {
			isa = XCBuildConfiguration;
			buildSettings = {
				ALWAYS_SEARCH_USER_PATHS = NO;
				CLANG_CXX_LANGUAGE_STANDARD = "gnu++0x";
				CLANG_CXX_LIBRARY = "libc++";
				CLANG_ENABLE_MODULES = YES;
				CLANG_ENABLE_OBJC_ARC = YES;
				CLANG_WARN_BOOL_CONVERSION = YES;
				CLANG_WARN_CONSTANT_CONVERSION = YES;
				CLANG_WARN_DIRECT_OBJC_ISA_USAGE = YES_ERROR;
				CLANG_WARN_EMPTY_BODY = YES;
				CLANG_WARN_ENUM_CONVERSION = YES;
				CLANG_WARN_INT_CONVERSION = YES;
				CLANG_WARN_OBJC_ROOT_CLASS = YES_ERROR;
				CLANG_WARN__DUPLICATE_METHOD_MATCH = YES;
				CODE_SIGN_IDENTITY = "iOS Development: Thiago Lioy (V4U2A6P7XZ)";
				"CODE_SIGN_IDENTITY[sdk=iphoneos*]" = "iOS Development: Thiago Lioy (V4U2A6P7XZ)";
				COPY_PHASE_STRIP = YES;
				ENABLE_NS_ASSERTIONS = NO;
				GCC_C_LANGUAGE_STANDARD = gnu99;
				GCC_WARN_64_TO_32_BIT_CONVERSION = YES;
				GCC_WARN_ABOUT_RETURN_TYPE = YES_ERROR;
				GCC_WARN_UNDECLARED_SELECTOR = YES;
				GCC_WARN_UNINITIALIZED_AUTOS = YES_AGGRESSIVE;
				GCC_WARN_UNUSED_FUNCTION = YES;
				GCC_WARN_UNUSED_VARIABLE = YES;
				IPHONEOS_DEPLOYMENT_TARGET = 8.0;
				PROVISIONING_PROFILE = "0999c7cc-9805-458c-9ead-2898d4380a32";
				SDKROOT = iphoneos;
				VALIDATE_PRODUCT = YES;
			};
			name = Release;
		};
		200055D319A43946008377FF /* Debug */ = {
			isa = XCBuildConfiguration;
			baseConfigurationReference = 0EDB05370A311BD6C75EF9A3 /* Pods-partyUp.debug.xcconfig */;
			buildSettings = {
				ASSETCATALOG_COMPILER_APPICON_NAME = AppIcon;
				CODE_SIGN_IDENTITY = "iOS Development: Thiago Lioy (V4U2A6P7XZ)";
				"CODE_SIGN_IDENTITY[sdk=iphoneos*]" = "iOS Development: Thiago Lioy (V4U2A6P7XZ)";
				CURRENT_PROJECT_VERSION = 16;
				FRAMEWORK_SEARCH_PATHS = (
					"$(inherited)",
					"$(PROJECT_DIR)/thirdParties",
					"$(PROJECT_DIR)",
				);
				GCC_PRECOMPILE_PREFIX_HEADER = YES;
				GCC_PREFIX_HEADER = "partyUp/partyUp-Prefix.pch";
				INFOPLIST_FILE = "partyUp/partyUp-Info.plist";
				IPHONEOS_DEPLOYMENT_TARGET = 8.0;
				PRODUCT_NAME = "$(TARGET_NAME)";
				PROVISIONING_PROFILE = "0999c7cc-9805-458c-9ead-2898d4380a32";
				VERSIONING_SYSTEM = "apple-generic";
				WRAPPER_EXTENSION = app;
			};
			name = Debug;
		};
		200055D419A43946008377FF /* Release */ = {
			isa = XCBuildConfiguration;
			baseConfigurationReference = F8390E582CE32D49B7CAF53B /* Pods-partyUp.release.xcconfig */;
			buildSettings = {
				ASSETCATALOG_COMPILER_APPICON_NAME = AppIcon;
				CODE_SIGN_IDENTITY = "iOS Development: Thiago Lioy (V4U2A6P7XZ)";
				"CODE_SIGN_IDENTITY[sdk=iphoneos*]" = "iOS Development: Thiago Lioy (V4U2A6P7XZ)";
				CURRENT_PROJECT_VERSION = 16;
				FRAMEWORK_SEARCH_PATHS = (
					"$(inherited)",
					"$(PROJECT_DIR)/thirdParties",
					"$(PROJECT_DIR)",
				);
				GCC_PRECOMPILE_PREFIX_HEADER = YES;
				GCC_PREFIX_HEADER = "partyUp/partyUp-Prefix.pch";
				INFOPLIST_FILE = "partyUp/partyUp-Info.plist";
				IPHONEOS_DEPLOYMENT_TARGET = 8.0;
				PRODUCT_NAME = "$(TARGET_NAME)";
				PROVISIONING_PROFILE = "0999c7cc-9805-458c-9ead-2898d4380a32";
				VERSIONING_SYSTEM = "apple-generic";
				WRAPPER_EXTENSION = app;
			};
			name = Release;
		};
		200055D619A43946008377FF /* Debug */ = {
			isa = XCBuildConfiguration;
			buildSettings = {
				BUNDLE_LOADER = "$(BUILT_PRODUCTS_DIR)/partyUp.app/partyUp";
				FRAMEWORK_SEARCH_PATHS = (
					"$(SDKROOT)/Developer/Library/Frameworks",
					"$(inherited)",
					"$(DEVELOPER_FRAMEWORKS_DIR)",
				);
				GCC_PRECOMPILE_PREFIX_HEADER = YES;
				GCC_PREFIX_HEADER = "partyUp/partyUp-Prefix.pch";
				GCC_PREPROCESSOR_DEFINITIONS = (
					"DEBUG=1",
					"$(inherited)",
				);
				INFOPLIST_FILE = "partyUpTests/partyUpTests-Info.plist";
				PRODUCT_NAME = "$(TARGET_NAME)";
				TEST_HOST = "$(BUNDLE_LOADER)";
				WRAPPER_EXTENSION = xctest;
			};
			name = Debug;
		};
		200055D719A43946008377FF /* Release */ = {
			isa = XCBuildConfiguration;
			buildSettings = {
				BUNDLE_LOADER = "$(BUILT_PRODUCTS_DIR)/partyUp.app/partyUp";
				FRAMEWORK_SEARCH_PATHS = (
					"$(SDKROOT)/Developer/Library/Frameworks",
					"$(inherited)",
					"$(DEVELOPER_FRAMEWORKS_DIR)",
				);
				GCC_PRECOMPILE_PREFIX_HEADER = YES;
				GCC_PREFIX_HEADER = "partyUp/partyUp-Prefix.pch";
				INFOPLIST_FILE = "partyUpTests/partyUpTests-Info.plist";
				PRODUCT_NAME = "$(TARGET_NAME)";
				TEST_HOST = "$(BUNDLE_LOADER)";
				WRAPPER_EXTENSION = xctest;
			};
			name = Release;
		};
/* End XCBuildConfiguration section */

/* Begin XCConfigurationList section */
		2000559B19A43945008377FF /* Build configuration list for PBXProject "partyUp" */ = {
			isa = XCConfigurationList;
			buildConfigurations = (
				200055D019A43946008377FF /* Debug */,
				200055D119A43946008377FF /* Release */,
			);
			defaultConfigurationIsVisible = 0;
			defaultConfigurationName = Release;
		};
		200055D219A43946008377FF /* Build configuration list for PBXNativeTarget "partyUp" */ = {
			isa = XCConfigurationList;
			buildConfigurations = (
				200055D319A43946008377FF /* Debug */,
				200055D419A43946008377FF /* Release */,
			);
			defaultConfigurationIsVisible = 0;
			defaultConfigurationName = Release;
		};
		200055D519A43946008377FF /* Build configuration list for PBXNativeTarget "partyUpTests" */ = {
			isa = XCConfigurationList;
			buildConfigurations = (
				200055D619A43946008377FF /* Debug */,
				200055D719A43946008377FF /* Release */,
			);
			defaultConfigurationIsVisible = 0;
			defaultConfigurationName = Release;
		};
/* End XCConfigurationList section */
	};
	rootObject = 2000559819A43945008377FF /* Project object */;
}
