PODS:
  - Bolts (1.1.5):
    - Bolts/AppLinks (= 1.1.5)
    - Bolts/Tasks (= 1.1.5)
  - Bolts/AppLinks (1.1.5):
    - Bolts/Tasks
  - Bolts/Tasks (1.1.5)
  - DBEnvironmentConfiguration (0.2.0)
  - Facebook-iOS-SDK (3.23.0):
    - Bolts (~> 1.0)
  - FDKeychain (1.0.1)
  - GoogleAnalytics-iOS-SDK (3.10):
    - GoogleAnalytics-iOS-SDK/Core (= 3.10)
  - GoogleAnalytics-iOS-SDK/Core (3.10)
  - Parse (1.6.3):
    - Bolts (~> 1.1)
  - ParseFacebookUtils (1.6.3):
    - Facebook-iOS-SDK (~> 3.20)
    - Parse (~> 1.6.3)
  - SDWebImage (3.7.1):
    - SDWebImage/Core (= 3.7.1)
  - SDWebImage/Core (3.7.1)
  - SVPullToRefresh (0.4.1)
  - UIResponder+KeyboardCache (0.1)

DEPENDENCIES:
  - DBEnvironmentConfiguration
  - Facebook-iOS-SDK
  - FDKeychain (~> 1.0.0)
  - GoogleAnalytics-iOS-SDK
  - Parse
  - ParseFacebookUtils
  - SDWebImage (~> 3.6)
  - SVPullToRefresh
  - UIResponder+KeyboardCache

SPEC CHECKSUMS:
  Bolts: aac24961496d504aa56fc267cde95162a71bac39
  DBEnvironmentConfiguration: 49b45d992b01dc99a60d108b543a81453d4253ac
  Facebook-iOS-SDK: fcb0fd5bcdb50f1fe9ce27bf6b8cdf1aa5b2b0ed
  FDKeychain: 153d311d5753a52f4ed4817574a466903730c1e7
  GoogleAnalytics-iOS-SDK: 4f98a376c1d61e6ac4ca47951655820314856eef
  Parse: 26354b8e2d22082f2aa95e7055c3254b91f27437
  ParseFacebookUtils: 877130f8887ff55829344f2128247ff579a17616
  SDWebImage: ed3095af2ff88b436426037444979b917f6c5575
  SVPullToRefresh: ba2e718695a43253d8bea6852d2960097dc15d8c
  UIResponder+KeyboardCache: dc1b7ff925c25ddb58b289bc71a3724c269767ef

COCOAPODS: 0.36.3
